
Microsoft Visual Studio Solution File, Format Version 12.00
# Visual Studio Version 17
VisualStudioVersion = 17.14.37012.4 d17.14
MinimumVisualStudioVersion = 10.0.40219.1
Project("{FAE04EC0-301F-11D3-BF4B-00C04F79EFBC}") = "gui11", "gui11\gui11.csproj", "{6C54596B-3203-4D0D-AB46-B4CAB6ADB971}"
EndProject
Global
	GlobalSection(SolutionConfigurationPlatforms) = preSolution
		Debug|Any CPU = Debug|Any CPU
		Release|Any CPU = Release|Any CPU
	EndGlobalSection
	GlobalSection(ProjectConfigurationPlatforms) = postSolution
		{6C54596B-3203-4D0D-AB46-B4CAB6ADB971}.Debug|Any CPU.ActiveCfg = Debug|Any CPU
		{6C54596B-3203-4D0D-AB46-B4CAB6ADB971}.Debug|Any CPU.Build.0 = Debug|Any CPU
		{6C54596B-3203-4D0D-AB46-B4CAB6ADB971}.Release|Any CPU.ActiveCfg = Release|Any CPU
		{6C54596B-3203-4D0D-AB46-B4CAB6ADB971}.Release|Any CPU.Build.0 = Release|Any CPU
	EndGlobalSection
	GlobalSection(SolutionProperties) = preSolution
		HideSolutionNode = FALSE
	EndGlobalSection
	GlobalSection(ExtensibilityGlobals) = postSolution
		SolutionGuid = {EFEA6A53-0314-4C03-BF4B-4F66A03BE95C}
	EndGlobalSection
EndGlobal
